// !$*UTF8*$!
{
	archiveVersion = 1;
	classes = {
	};
	objectVersion = 50;
	objects = {

/* Begin PBXBuildFile section */
		2B01D09D213E8F95001EE60A /* AlbumViewController.swift in Sources */ = {isa = PBXBuildFile; fileRef = 2B01D09C213E8F95001EE60A /* AlbumViewController.swift */; };
		2B01D09F213E953D001EE60A /* TakeAPhotoViewController.swift in Sources */ = {isa = PBXBuildFile; fileRef = 2B01D09E213E953D001EE60A /* TakeAPhotoViewController.swift */; };
		2B01D0A2213EEC19001EE60A /* RealmData.swift in Sources */ = {isa = PBXBuildFile; fileRef = 2B01D0A1213EEC19001EE60A /* RealmData.swift */; };
		2B48F509213800CA00EC9608 /* ImageRealmSampleTests.swift in Sources */ = {isa = PBXBuildFile; fileRef = 2B48F508213800CA00EC9608 /* ImageRealmSampleTests.swift */; };
		2B48F514213800CA00EC9608 /* ImageRealmSampleUITests.swift in Sources */ = {isa = PBXBuildFile; fileRef = 2B48F513213800CA00EC9608 /* ImageRealmSampleUITests.swift */; };
		2B94DB40213E4F060058019E /* Assets.xcassets in Resources */ = {isa = PBXBuildFile; fileRef = 2B94DB3C213E4F060058019E /* Assets.xcassets */; };
		2B94DB43213E4F060058019E /* AppDelegate.swift in Sources */ = {isa = PBXBuildFile; fileRef = 2B94DB3F213E4F060058019E /* AppDelegate.swift */; };
		2B94DB45213E4F220058019E /* HomeViewController.swift in Sources */ = {isa = PBXBuildFile; fileRef = 2B94DB44213E4F210058019E /* HomeViewController.swift */; };
		2B94DB48213E4FBF0058019E /* Main.storyboard in Resources */ = {isa = PBXBuildFile; fileRef = 2B94DB46213E4FBF0058019E /* Main.storyboard */; };
		2B94DB49213E4FBF0058019E /* LaunchScreen.storyboard in Resources */ = {isa = PBXBuildFile; fileRef = 2B94DB47213E4FBF0058019E /* LaunchScreen.storyboard */; };
		44483FA927709CB024F99D0B /* Pods_ImageRealmSampleTests.framework in Frameworks */ = {isa = PBXBuildFile; fileRef = F46CAC21BE04307D390DA895 /* Pods_ImageRealmSampleTests.framework */; };
		74D20027F9371A25EA1DAD53 /* Pods_ImageRealmSampleUITests.framework in Frameworks */ = {isa = PBXBuildFile; fileRef = 8DA8943CE2565C685D861767 /* Pods_ImageRealmSampleUITests.framework */; };
		ABCCB8AB26F0DFE4CA4B3F8F /* Pods_ImageRealmSample.framework in Frameworks */ = {isa = PBXBuildFile; fileRef = 1428FEFBFF9829E62226E786 /* Pods_ImageRealmSample.framework */; };
/* End PBXBuildFile section */

/* Begin PBXContainerItemProxy section */
		2B48F505213800CA00EC9608 /* PBXContainerItemProxy */ = {
			isa = PBXContainerItemProxy;
			containerPortal = 2B48F4E8213800C800EC9608 /* Project object */;
			proxyType = 1;
			remoteGlobalIDString = 2B48F4EF213800C800EC9608;
			remoteInfo = ImageRealmSample;
		};
		2B48F510213800CA00EC9608 /* PBXContainerItemProxy */ = {
			isa = PBXContainerItemProxy;
			containerPortal = 2B48F4E8213800C800EC9608 /* Project object */;
			proxyType = 1;
			remoteGlobalIDString = 2B48F4EF213800C800EC9608;
			remoteInfo = ImageRealmSample;
		};
/* End PBXContainerItemProxy section */

/* Begin PBXFileReference section */
		1428FEFBFF9829E62226E786 /* Pods_ImageRealmSample.framework */ = {isa = PBXFileReference; explicitFileType = wrapper.framework; includeInIndex = 0; path = Pods_ImageRealmSample.framework; sourceTree = BUILT_PRODUCTS_DIR; };
		15F5C42EFF87EF7EB050733F /* Pods-ImageRealmSampleTests.release.xcconfig */ = {isa = PBXFileReference; includeInIndex = 1; lastKnownFileType = text.xcconfig; name = "Pods-ImageRealmSampleTests.release.xcconfig"; path = "Pods/Target Support Files/Pods-ImageRealmSampleTests/Pods-ImageRealmSampleTests.release.xcconfig"; sourceTree = "<group>"; };
		1FC8B775121926C78DC44AB8 /* Pods-ImageRealmSample.debug.xcconfig */ = {isa = PBXFileReference; includeInIndex = 1; lastKnownFileType = text.xcconfig; name = "Pods-ImageRealmSample.debug.xcconfig"; path = "Pods/Target Support Files/Pods-ImageRealmSample/Pods-ImageRealmSample.debug.xcconfig"; sourceTree = "<group>"; };
		2B01D09C213E8F95001EE60A /* AlbumViewController.swift */ = {isa = PBXFileReference; lastKnownFileType = sourcecode.swift; path = AlbumViewController.swift; sourceTree = "<group>"; };
		2B01D09E213E953D001EE60A /* TakeAPhotoViewController.swift */ = {isa = PBXFileReference; lastKnownFileType = sourcecode.swift; path = TakeAPhotoViewController.swift; sourceTree = "<group>"; };
		2B01D0A1213EEC19001EE60A /* RealmData.swift */ = {isa = PBXFileReference; lastKnownFileType = sourcecode.swift; path = RealmData.swift; sourceTree = "<group>"; };
		2B48F4F0213800C800EC9608 /* ImageRealmSample.app */ = {isa = PBXFileReference; explicitFileType = wrapper.application; includeInIndex = 0; path = ImageRealmSample.app; sourceTree = BUILT_PRODUCTS_DIR; };
		2B48F504213800CA00EC9608 /* ImageRealmSampleTests.xctest */ = {isa = PBXFileReference; explicitFileType = wrapper.cfbundle; includeInIndex = 0; path = ImageRealmSampleTests.xctest; sourceTree = BUILT_PRODUCTS_DIR; };
		2B48F508213800CA00EC9608 /* ImageRealmSampleTests.swift */ = {isa = PBXFileReference; lastKnownFileType = sourcecode.swift; path = ImageRealmSampleTests.swift; sourceTree = "<group>"; };
		2B48F50A213800CA00EC9608 /* Info.plist */ = {isa = PBXFileReference; lastKnownFileType = text.plist.xml; path = Info.plist; sourceTree = "<group>"; };
		2B48F50F213800CA00EC9608 /* ImageRealmSampleUITests.xctest */ = {isa = PBXFileReference; explicitFileType = wrapper.cfbundle; includeInIndex = 0; path = ImageRealmSampleUITests.xctest; sourceTree = BUILT_PRODUCTS_DIR; };
		2B48F513213800CA00EC9608 /* ImageRealmSampleUITests.swift */ = {isa = PBXFileReference; lastKnownFileType = sourcecode.swift; path = ImageRealmSampleUITests.swift; sourceTree = "<group>"; };
		2B48F515213800CA00EC9608 /* Info.plist */ = {isa = PBXFileReference; lastKnownFileType = text.plist.xml; path = Info.plist; sourceTree = "<group>"; };
		2B94DB3C213E4F060058019E /* Assets.xcassets */ = {isa = PBXFileReference; lastKnownFileType = folder.assetcatalog; path = Assets.xcassets; sourceTree = "<group>"; };
		2B94DB3D213E4F060058019E /* Info.plist */ = {isa = PBXFileReference; fileEncoding = 4; lastKnownFileType = text.plist.xml; path = Info.plist; sourceTree = "<group>"; };
		2B94DB3F213E4F060058019E /* AppDelegate.swift */ = {isa = PBXFileReference; fileEncoding = 4; lastKnownFileType = sourcecode.swift; path = AppDelegate.swift; sourceTree = "<group>"; };
		2B94DB44213E4F210058019E /* HomeViewController.swift */ = {isa = PBXFileReference; fileEncoding = 4; lastKnownFileType = sourcecode.swift; path = HomeViewController.swift; sourceTree = "<group>"; };
		2B94DB46213E4FBF0058019E /* Main.storyboard */ = {isa = PBXFileReference; fileEncoding = 4; lastKnownFileType = file.storyboard; path = Main.storyboard; sourceTree = "<group>"; };
		2B94DB47213E4FBF0058019E /* LaunchScreen.storyboard */ = {isa = PBXFileReference; fileEncoding = 4; lastKnownFileType = file.storyboard; path = LaunchScreen.storyboard; sourceTree = "<group>"; };
		788A0935F4C60EF151F375AC /* Pods-ImageRealmSampleUITests.debug.xcconfig */ = {isa = PBXFileReference; includeInIndex = 1; lastKnownFileType = text.xcconfig; name = "Pods-ImageRealmSampleUITests.debug.xcconfig"; path = "Pods/Target Support Files/Pods-ImageRealmSampleUITests/Pods-ImageRealmSampleUITests.debug.xcconfig"; sourceTree = "<group>"; };
		8DA8943CE2565C685D861767 /* Pods_ImageRealmSampleUITests.framework */ = {isa = PBXFileReference; explicitFileType = wrapper.framework; includeInIndex = 0; path = Pods_ImageRealmSampleUITests.framework; sourceTree = BUILT_PRODUCTS_DIR; };
		C62D884F4D9B79E62EBE00D2 /* Pods-ImageRealmSampleUITests.release.xcconfig */ = {isa = PBXFileReference; includeInIndex = 1; lastKnownFileType = text.xcconfig; name = "Pods-ImageRealmSampleUITests.release.xcconfig"; path = "Pods/Target Support Files/Pods-ImageRealmSampleUITests/Pods-ImageRealmSampleUITests.release.xcconfig"; sourceTree = "<group>"; };
		C9F54556DCCA3996B6238D44 /* Pods-ImageRealmSample.release.xcconfig */ = {isa = PBXFileReference; includeInIndex = 1; lastKnownFileType = text.xcconfig; name = "Pods-ImageRealmSample.release.xcconfig"; path = "Pods/Target Support Files/Pods-ImageRealmSample/Pods-ImageRealmSample.release.xcconfig"; sourceTree = "<group>"; };
		F46CAC21BE04307D390DA895 /* Pods_ImageRealmSampleTests.framework */ = {isa = PBXFileReference; explicitFileType = wrapper.framework; includeInIndex = 0; path = Pods_ImageRealmSampleTests.framework; sourceTree = BUILT_PRODUCTS_DIR; };
		F5B577F63EB54A90D84F9EE4 /* Pods-ImageRealmSampleTests.debug.xcconfig */ = {isa = PBXFileReference; includeInIndex = 1; lastKnownFileType = text.xcconfig; name = "Pods-ImageRealmSampleTests.debug.xcconfig"; path = "Pods/Target Support Files/Pods-ImageRealmSampleTests/Pods-ImageRealmSampleTests.debug.xcconfig"; sourceTree = "<group>"; };
/* End PBXFileReference section */

/* Begin PBXFrameworksBuildPhase section */
		2B48F4ED213800C800EC9608 /* Frameworks */ = {
			isa = PBXFrameworksBuildPhase;
			buildActionMask = 2147483647;
			files = (
				ABCCB8AB26F0DFE4CA4B3F8F /* Pods_ImageRealmSample.framework in Frameworks */,
			);
			runOnlyForDeploymentPostprocessing = 0;
		};
		2B48F501213800CA00EC9608 /* Frameworks */ = {
			isa = PBXFrameworksBuildPhase;
			buildActionMask = 2147483647;
			files = (
				44483FA927709CB024F99D0B /* Pods_ImageRealmSampleTests.framework in Frameworks */,
			);
			runOnlyForDeploymentPostprocessing = 0;
		};
		2B48F50C213800CA00EC9608 /* Frameworks */ = {
			isa = PBXFrameworksBuildPhase;
			buildActionMask = 2147483647;
			files = (
				74D20027F9371A25EA1DAD53 /* Pods_ImageRealmSampleUITests.framework in Frameworks */,
			);
			runOnlyForDeploymentPostprocessing = 0;
		};
/* End PBXFrameworksBuildPhase section */

/* Begin PBXGroup section */
		01F3B8F7C65310CC52DBBF4A /* Frameworks */ = {
			isa = PBXGroup;
			children = (
				1428FEFBFF9829E62226E786 /* Pods_ImageRealmSample.framework */,
				F46CAC21BE04307D390DA895 /* Pods_ImageRealmSampleTests.framework */,
				8DA8943CE2565C685D861767 /* Pods_ImageRealmSampleUITests.framework */,
			);
			name = Frameworks;
			sourceTree = "<group>";
		};
		2B01D09B213E8E0C001EE60A /* Controllers */ = {
			isa = PBXGroup;
			children = (
				2B94DB44213E4F210058019E /* HomeViewController.swift */,
				2B01D09C213E8F95001EE60A /* AlbumViewController.swift */,
				2B01D09E213E953D001EE60A /* TakeAPhotoViewController.swift */,
			);
			path = Controllers;
			sourceTree = "<group>";
		};
		2B01D0A0213EEBE2001EE60A /* Model */ = {
			isa = PBXGroup;
			children = (
				2B01D0A1213EEC19001EE60A /* RealmData.swift */,
			);
			path = Model;
			sourceTree = "<group>";
		};
		2B48F4E7213800C800EC9608 = {
			isa = PBXGroup;
			children = (
				2B48F4F2213800C800EC9608 /* ImageRealmSample */,
				2B48F507213800CA00EC9608 /* ImageRealmSampleTests */,
				2B48F512213800CA00EC9608 /* ImageRealmSampleUITests */,
				2B48F4F1213800C800EC9608 /* Products */,
				5DE6675FD0503A9943960A5F /* Pods */,
				01F3B8F7C65310CC52DBBF4A /* Frameworks */,
			);
			sourceTree = "<group>";
		};
		2B48F4F1213800C800EC9608 /* Products */ = {
			isa = PBXGroup;
			children = (
				2B48F4F0213800C800EC9608 /* ImageRealmSample.app */,
				2B48F504213800CA00EC9608 /* ImageRealmSampleTests.xctest */,
				2B48F50F213800CA00EC9608 /* ImageRealmSampleUITests.xctest */,
			);
			name = Products;
			sourceTree = "<group>";
		};
		2B48F4F2213800C800EC9608 /* ImageRealmSample */ = {
			isa = PBXGroup;
			children = (
				2B94DB3A213E4E5C0058019E /* ReSources */,
				2B94DB3B213E4E730058019E /* Sources */,
			);
			path = ImageRealmSample;
			sourceTree = "<group>";
		};
		2B48F507213800CA00EC9608 /* ImageRealmSampleTests */ = {
			isa = PBXGroup;
			children = (
				2B48F508213800CA00EC9608 /* ImageRealmSampleTests.swift */,
				2B48F50A213800CA00EC9608 /* Info.plist */,
			);
			path = ImageRealmSampleTests;
			sourceTree = "<group>";
		};
		2B48F512213800CA00EC9608 /* ImageRealmSampleUITests */ = {
			isa = PBXGroup;
			children = (
				2B48F513213800CA00EC9608 /* ImageRealmSampleUITests.swift */,
				2B48F515213800CA00EC9608 /* Info.plist */,
			);
			path = ImageRealmSampleUITests;
			sourceTree = "<group>";
		};
		2B94DB3A213E4E5C0058019E /* ReSources */ = {
			isa = PBXGroup;
			children = (
				2B94DB47213E4FBF0058019E /* LaunchScreen.storyboard */,
				2B94DB46213E4FBF0058019E /* Main.storyboard */,
				2B94DB3C213E4F060058019E /* Assets.xcassets */,
				2B94DB3D213E4F060058019E /* Info.plist */,
			);
			path = ReSources;
			sourceTree = "<group>";
		};
		2B94DB3B213E4E730058019E /* Sources */ = {
			isa = PBXGroup;
			children = (
				2B94DB3F213E4F060058019E /* AppDelegate.swift */,
				2B01D09B213E8E0C001EE60A /* Controllers */,
				2B01D0A0213EEBE2001EE60A /* Model */,
			);
			path = Sources;
			sourceTree = "<group>";
		};
		5DE6675FD0503A9943960A5F /* Pods */ = {
			isa = PBXGroup;
			children = (
				1FC8B775121926C78DC44AB8 /* Pods-ImageRealmSample.debug.xcconfig */,
				C9F54556DCCA3996B6238D44 /* Pods-ImageRealmSample.release.xcconfig */,
				F5B577F63EB54A90D84F9EE4 /* Pods-ImageRealmSampleTests.debug.xcconfig */,
				15F5C42EFF87EF7EB050733F /* Pods-ImageRealmSampleTests.release.xcconfig */,
				788A0935F4C60EF151F375AC /* Pods-ImageRealmSampleUITests.debug.xcconfig */,
				C62D884F4D9B79E62EBE00D2 /* Pods-ImageRealmSampleUITests.release.xcconfig */,
			);
			name = Pods;
			sourceTree = "<group>";
		};
/* End PBXGroup section */

/* Begin PBXNativeTarget section */
		2B48F4EF213800C800EC9608 /* ImageRealmSample */ = {
			isa = PBXNativeTarget;
			buildConfigurationList = 2B48F518213800CA00EC9608 /* Build configuration list for PBXNativeTarget "ImageRealmSample" */;
			buildPhases = (
				87FA4460A7A3E2FA2931C168 /* [CP] Check Pods Manifest.lock */,
				2B48F4EC213800C800EC9608 /* Sources */,
				2B48F4ED213800C800EC9608 /* Frameworks */,
				2B48F4EE213800C800EC9608 /* Resources */,
				0E71B1C692C335CCD9DA6771 /* [CP] Embed Pods Frameworks */,
			);
			buildRules = (
			);
			dependencies = (
			);
			name = ImageRealmSample;
			productName = ImageRealmSample;
			productReference = 2B48F4F0213800C800EC9608 /* ImageRealmSample.app */;
			productType = "com.apple.product-type.application";
		};
		2B48F503213800CA00EC9608 /* ImageRealmSampleTests */ = {
			isa = PBXNativeTarget;
			buildConfigurationList = 2B48F51B213800CA00EC9608 /* Build configuration list for PBXNativeTarget "ImageRealmSampleTests" */;
			buildPhases = (
				B4B8CAE1C809DEE2A8581511 /* [CP] Check Pods Manifest.lock */,
				2B48F500213800CA00EC9608 /* Sources */,
				2B48F501213800CA00EC9608 /* Frameworks */,
				2B48F502213800CA00EC9608 /* Resources */,
			);
			buildRules = (
			);
			dependencies = (
				2B48F506213800CA00EC9608 /* PBXTargetDependency */,
			);
			name = ImageRealmSampleTests;
			productName = ImageRealmSampleTests;
			productReference = 2B48F504213800CA00EC9608 /* ImageRealmSampleTests.xctest */;
			productType = "com.apple.product-type.bundle.unit-test";
		};
		2B48F50E213800CA00EC9608 /* ImageRealmSampleUITests */ = {
			isa = PBXNativeTarget;
			buildConfigurationList = 2B48F51E213800CA00EC9608 /* Build configuration list for PBXNativeTarget "ImageRealmSampleUITests" */;
			buildPhases = (
				96046CB6281A963CA492E67C /* [CP] Check Pods Manifest.lock */,
				2B48F50B213800CA00EC9608 /* Sources */,
				2B48F50C213800CA00EC9608 /* Frameworks */,
				2B48F50D213800CA00EC9608 /* Resources */,
			);
			buildRules = (
			);
			dependencies = (
				2B48F511213800CA00EC9608 /* PBXTargetDependency */,
			);
			name = ImageRealmSampleUITests;
			productName = ImageRealmSampleUITests;
			productReference = 2B48F50F213800CA00EC9608 /* ImageRealmSampleUITests.xctest */;
			productType = "com.apple.product-type.bundle.ui-testing";
		};
/* End PBXNativeTarget section */

/* Begin PBXProject section */
		2B48F4E8213800C800EC9608 /* Project object */ = {
			isa = PBXProject;
			attributes = {
				LastSwiftUpdateCheck = 0940;
				LastUpgradeCheck = 0940;
				ORGANIZATIONNAME = "Satoshi Komatsu";
				TargetAttributes = {
					2B48F4EF213800C800EC9608 = {
						CreatedOnToolsVersion = 9.4.1;
						LastSwiftMigration = 0940;
					};
					2B48F503213800CA00EC9608 = {
						CreatedOnToolsVersion = 9.4.1;
						TestTargetID = 2B48F4EF213800C800EC9608;
					};
					2B48F50E213800CA00EC9608 = {
						CreatedOnToolsVersion = 9.4.1;
						TestTargetID = 2B48F4EF213800C800EC9608;
					};
				};
			};
			buildConfigurationList = 2B48F4EB213800C800EC9608 /* Build configuration list for PBXProject "ImageRealmSample" */;
			compatibilityVersion = "Xcode 9.3";
			developmentRegion = en;
			hasScannedForEncodings = 0;
			knownRegions = (
				en,
				Base,
			);
			mainGroup = 2B48F4E7213800C800EC9608;
			productRefGroup = 2B48F4F1213800C800EC9608 /* Products */;
			projectDirPath = "";
			projectRoot = "";
			targets = (
				2B48F4EF213800C800EC9608 /* ImageRealmSample */,
				2B48F503213800CA00EC9608 /* ImageRealmSampleTests */,
				2B48F50E213800CA00EC9608 /* ImageRealmSampleUITests */,
			);
		};
/* End PBXProject section */

/* Begin PBXResourcesBuildPhase section */
		2B48F4EE213800C800EC9608 /* Resources */ = {
			isa = PBXResourcesBuildPhase;
			buildActionMask = 2147483647;
			files = (
				2B94DB48213E4FBF0058019E /* Main.storyboard in Resources */,
				2B94DB49213E4FBF0058019E /* LaunchScreen.storyboard in Resources */,
				2B94DB40213E4F060058019E /* Assets.xcassets in Resources */,
			);
			runOnlyForDeploymentPostprocessing = 0;
		};
		2B48F502213800CA00EC9608 /* Resources */ = {
			isa = PBXResourcesBuildPhase;
			buildActionMask = 2147483647;
			files = (
			);
			runOnlyForDeploymentPostprocessing = 0;
		};
		2B48F50D213800CA00EC9608 /* Resources */ = {
			isa = PBXResourcesBuildPhase;
			buildActionMask = 2147483647;
			files = (
			);
			runOnlyForDeploymentPostprocessing = 0;
		};
/* End PBXResourcesBuildPhase section */

/* Begin PBXShellScriptBuildPhase section */
		0E71B1C692C335CCD9DA6771 /* [CP] Embed Pods Frameworks */ = {
			isa = PBXShellScriptBuildPhase;
			buildActionMask = 2147483647;
			files = (
			);
			inputPaths = (
				"${SRCROOT}/Pods/Target Support Files/Pods-ImageRealmSample/Pods-ImageRealmSample-frameworks.sh",
				"${BUILT_PRODUCTS_DIR}/Realm/Realm.framework",
				"${BUILT_PRODUCTS_DIR}/RealmSwift/RealmSwift.framework",
			);
			name = "[CP] Embed Pods Frameworks";
			outputPaths = (
				"${TARGET_BUILD_DIR}/${FRAMEWORKS_FOLDER_PATH}/Realm.framework",
				"${TARGET_BUILD_DIR}/${FRAMEWORKS_FOLDER_PATH}/RealmSwift.framework",
			);
			runOnlyForDeploymentPostprocessing = 0;
			shellPath = /bin/sh;
			shellScript = "\"${SRCROOT}/Pods/Target Support Files/Pods-ImageRealmSample/Pods-ImageRealmSample-frameworks.sh\"\n";
			showEnvVarsInLog = 0;
		};
		87FA4460A7A3E2FA2931C168 /* [CP] Check Pods Manifest.lock */ = {
			isa = PBXShellScriptBuildPhase;
			buildActionMask = 2147483647;
			files = (
			);
			inputPaths = (
				"${PODS_PODFILE_DIR_PATH}/Podfile.lock",
				"${PODS_ROOT}/Manifest.lock",
			);
			name = "[CP] Check Pods Manifest.lock";
			outputPaths = (
				"$(DERIVED_FILE_DIR)/Pods-ImageRealmSample-checkManifestLockResult.txt",
			);
			runOnlyForDeploymentPostprocessing = 0;
			shellPath = /bin/sh;
			shellScript = "diff \"${PODS_PODFILE_DIR_PATH}/Podfile.lock\" \"${PODS_ROOT}/Manifest.lock\" > /dev/null\nif [ $? != 0 ] ; then\n    # print error to STDERR\n    echo \"error: The sandbox is not in sync with the Podfile.lock. Run 'pod install' or update your CocoaPods installation.\" >&2\n    exit 1\nfi\n# This output is used by Xcode 'outputs' to avoid re-running this script phase.\necho \"SUCCESS\" > \"${SCRIPT_OUTPUT_FILE_0}\"\n";
			showEnvVarsInLog = 0;
		};
		96046CB6281A963CA492E67C /* [CP] Check Pods Manifest.lock */ = {
			isa = PBXShellScriptBuildPhase;
			buildActionMask = 2147483647;
			files = (
			);
			inputPaths = (
				"${PODS_PODFILE_DIR_PATH}/Podfile.lock",
				"${PODS_ROOT}/Manifest.lock",
			);
			name = "[CP] Check Pods Manifest.lock";
			outputPaths = (
				"$(DERIVED_FILE_DIR)/Pods-ImageRealmSampleUITests-checkManifestLockResult.txt",
			);
			runOnlyForDeploymentPostprocessing = 0;
			shellPath = /bin/sh;
			shellScript = "diff \"${PODS_PODFILE_DIR_PATH}/Podfile.lock\" \"${PODS_ROOT}/Manifest.lock\" > /dev/null\nif [ $? != 0 ] ; then\n    # print error to STDERR\n    echo \"error: The sandbox is not in sync with the Podfile.lock. Run 'pod install' or update your CocoaPods installation.\" >&2\n    exit 1\nfi\n# This output is used by Xcode 'outputs' to avoid re-running this script phase.\necho \"SUCCESS\" > \"${SCRIPT_OUTPUT_FILE_0}\"\n";
			showEnvVarsInLog = 0;
		};
		B4B8CAE1C809DEE2A8581511 /* [CP] Check Pods Manifest.lock */ = {
			isa = PBXShellScriptBuildPhase;
			buildActionMask = 2147483647;
			files = (
			);
			inputPaths = (
				"${PODS_PODFILE_DIR_PATH}/Podfile.lock",
				"${PODS_ROOT}/Manifest.lock",
			);
			name = "[CP] Check Pods Manifest.lock";
			outputPaths = (
				"$(DERIVED_FILE_DIR)/Pods-ImageRealmSampleTests-checkManifestLockResult.txt",
			);
			runOnlyForDeploymentPostprocessing = 0;
			shellPath = /bin/sh;
			shellScript = "diff \"${PODS_PODFILE_DIR_PATH}/Podfile.lock\" \"${PODS_ROOT}/Manifest.lock\" > /dev/null\nif [ $? != 0 ] ; then\n    # print error to STDERR\n    echo \"error: The sandbox is not in sync with the Podfile.lock. Run 'pod install' or update your CocoaPods installation.\" >&2\n    exit 1\nfi\n# This output is used by Xcode 'outputs' to avoid re-running this script phase.\necho \"SUCCESS\" > \"${SCRIPT_OUTPUT_FILE_0}\"\n";
			showEnvVarsInLog = 0;
		};
/* End PBXShellScriptBuildPhase section */

/* Begin PBXSourcesBuildPhase section */
		2B48F4EC213800C800EC9608 /* Sources */ = {
			isa = PBXSourcesBuildPhase;
			buildActionMask = 2147483647;
			files = (
				2B01D09F213E953D001EE60A /* TakeAPhotoViewController.swift in Sources */,
				2B01D09D213E8F95001EE60A /* AlbumViewController.swift in Sources */,
				2B01D0A2213EEC19001EE60A /* RealmData.swift in Sources */,
				2B94DB45213E4F220058019E /* HomeViewController.swift in Sources */,
				2B94DB43213E4F060058019E /* AppDelegate.swift in Sources */,
			);
			runOnlyForDeploymentPostprocessing = 0;
		};
		2B48F500213800CA00EC9608 /* Sources */ = {
			isa = PBXSourcesBuildPhase;
			buildActionMask = 2147483647;
			files = (
				2B48F509213800CA00EC9608 /* ImageRealmSampleTests.swift in Sources */,
			);
			runOnlyForDeploymentPostprocessing = 0;
		};
		2B48F50B213800CA00EC9608 /* Sources */ = {
			isa = PBXSourcesBuildPhase;
			buildActionMask = 2147483647;
			files = (
				2B48F514213800CA00EC9608 /* ImageRealmSampleUITests.swift in Sources */,
			);
			runOnlyForDeploymentPostprocessing = 0;
		};
/* End PBXSourcesBuildPhase section */

/* Begin PBXTargetDependency section */
		2B48F506213800CA00EC9608 /* PBXTargetDependency */ = {
			isa = PBXTargetDependency;
			target = 2B48F4EF213800C800EC9608 /* ImageRealmSample */;
			targetProxy = 2B48F505213800CA00EC9608 /* PBXContainerItemProxy */;
		};
		2B48F511213800CA00EC9608 /* PBXTargetDependency */ = {
			isa = PBXTargetDependency;
			target = 2B48F4EF213800C800EC9608 /* ImageRealmSample */;
			targetProxy = 2B48F510213800CA00EC9608 /* PBXContainerItemProxy */;
		};
/* End PBXTargetDependency section */

/* Begin XCBuildConfiguration section */
		2B48F516213800CA00EC9608 /* Debug */ = {
			isa = XCBuildConfiguration;
			buildSettings = {
				ALWAYS_SEARCH_USER_PATHS = NO;
				CLANG_ANALYZER_NONNULL = YES;
				CLANG_ANALYZER_NUMBER_OBJECT_CONVERSION = YES_AGGRESSIVE;
				CLANG_CXX_LANGUAGE_STANDARD = "gnu++14";
				CLANG_CXX_LIBRARY = "libc++";
				CLANG_ENABLE_MODULES = YES;
				CLANG_ENABLE_OBJC_ARC = YES;
				CLANG_ENABLE_OBJC_WEAK = YES;
				CLANG_WARN_BLOCK_CAPTURE_AUTORELEASING = YES;
				CLANG_WARN_BOOL_CONVERSION = YES;
				CLANG_WARN_COMMA = YES;
				CLANG_WARN_CONSTANT_CONVERSION = YES;
				CLANG_WARN_DEPRECATED_OBJC_IMPLEMENTATIONS = YES;
				CLANG_WARN_DIRECT_OBJC_ISA_USAGE = YES_ERROR;
				CLANG_WARN_DOCUMENTATION_COMMENTS = YES;
				CLANG_WARN_EMPTY_BODY = YES;
				CLANG_WARN_ENUM_CONVERSION = YES;
				CLANG_WARN_INFINITE_RECURSION = YES;
				CLANG_WARN_INT_CONVERSION = YES;
				CLANG_WARN_NON_LITERAL_NULL_CONVERSION = YES;
				CLANG_WARN_OBJC_IMPLICIT_RETAIN_SELF = YES;
				CLANG_WARN_OBJC_LITERAL_CONVERSION = YES;
				CLANG_WARN_OBJC_ROOT_CLASS = YES_ERROR;
				CLANG_WARN_RANGE_LOOP_ANALYSIS = YES;
				CLANG_WARN_STRICT_PROTOTYPES = YES;
				CLANG_WARN_SUSPICIOUS_MOVE = YES;
				CLANG_WARN_UNGUARDED_AVAILABILITY = YES_AGGRESSIVE;
				CLANG_WARN_UNREACHABLE_CODE = YES;
				CLANG_WARN__DUPLICATE_METHOD_MATCH = YES;
				CODE_SIGN_IDENTITY = "iPhone Developer";
				COPY_PHASE_STRIP = NO;
				DEBUG_INFORMATION_FORMAT = dwarf;
				ENABLE_STRICT_OBJC_MSGSEND = YES;
				ENABLE_TESTABILITY = YES;
				GCC_C_LANGUAGE_STANDARD = gnu11;
				GCC_DYNAMIC_NO_PIC = NO;
				GCC_NO_COMMON_BLOCKS = YES;
				GCC_OPTIMIZATION_LEVEL = 0;
				GCC_PREPROCESSOR_DEFINITIONS = (
					"DEBUG=1",
					"$(inherited)",
				);
				GCC_WARN_64_TO_32_BIT_CONVERSION = YES;
				GCC_WARN_ABOUT_RETURN_TYPE = YES_ERROR;
				GCC_WARN_UNDECLARED_SELECTOR = YES;
				GCC_WARN_UNINITIALIZED_AUTOS = YES_AGGRESSIVE;
				GCC_WARN_UNUSED_FUNCTION = YES;
				GCC_WARN_UNUSED_VARIABLE = YES;
				IPHONEOS_DEPLOYMENT_TARGET = 11.4;
				MTL_ENABLE_DEBUG_INFO = YES;
				ONLY_ACTIVE_ARCH = YES;
				SDKROOT = iphoneos;
				SWIFT_ACTIVE_COMPILATION_CONDITIONS = DEBUG;
				SWIFT_OPTIMIZATION_LEVEL = "-Onone";
			};
			name = Debug;
		};
		2B48F517213800CA00EC9608 /* Release */ = {
			isa = XCBuildConfiguration;
			buildSettings = {
				ALWAYS_SEARCH_USER_PATHS = NO;
				CLANG_ANALYZER_NONNULL = YES;
				CLANG_ANALYZER_NUMBER_OBJECT_CONVERSION = YES_AGGRESSIVE;
				CLANG_CXX_LANGUAGE_STANDARD = "gnu++14";
				CLANG_CXX_LIBRARY = "libc++";
				CLANG_ENABLE_MODULES = YES;
				CLANG_ENABLE_OBJC_ARC = YES;
				CLANG_ENABLE_OBJC_WEAK = YES;
				CLANG_WARN_BLOCK_CAPTURE_AUTORELEASING = YES;
				CLANG_WARN_BOOL_CONVERSION = YES;
				CLANG_WARN_COMMA = YES;
				CLANG_WARN_CONSTANT_CONVERSION = YES;
				CLANG_WARN_DEPRECATED_OBJC_IMPLEMENTATIONS = YES;
				CLANG_WARN_DIRECT_OBJC_ISA_USAGE = YES_ERROR;
				CLANG_WARN_DOCUMENTATION_COMMENTS = YES;
				CLANG_WARN_EMPTY_BODY = YES;
				CLANG_WARN_ENUM_CONVERSION = YES;
				CLANG_WARN_INFINITE_RECURSION = YES;
				CLANG_WARN_INT_CONVERSION = YES;
				CLANG_WARN_NON_LITERAL_NULL_CONVERSION = YES;
				CLANG_WARN_OBJC_IMPLICIT_RETAIN_SELF = YES;
				CLANG_WARN_OBJC_LITERAL_CONVERSION = YES;
				CLANG_WARN_OBJC_ROOT_CLASS = YES_ERROR;
				CLANG_WARN_RANGE_LOOP_ANALYSIS = YES;
				CLANG_WARN_STRICT_PROTOTYPES = YES;
				CLANG_WARN_SUSPICIOUS_MOVE = YES;
				CLANG_WARN_UNGUARDED_AVAILABILITY = YES_AGGRESSIVE;
				CLANG_WARN_UNREACHABLE_CODE = YES;
				CLANG_WARN__DUPLICATE_METHOD_MATCH = YES;
				CODE_SIGN_IDENTITY = "iPhone Developer";
				COPY_PHASE_STRIP = NO;
				DEBUG_INFORMATION_FORMAT = "dwarf-with-dsym";
				ENABLE_NS_ASSERTIONS = NO;
				ENABLE_STRICT_OBJC_MSGSEND = YES;
				GCC_C_LANGUAGE_STANDARD = gnu11;
				GCC_NO_COMMON_BLOCKS = YES;
				GCC_WARN_64_TO_32_BIT_CONVERSION = YES;
				GCC_WARN_ABOUT_RETURN_TYPE = YES_ERROR;
				GCC_WARN_UNDECLARED_SELECTOR = YES;
				GCC_WARN_UNINITIALIZED_AUTOS = YES_AGGRESSIVE;
				GCC_WARN_UNUSED_FUNCTION = YES;
				GCC_WARN_UNUSED_VARIABLE = YES;
				IPHONEOS_DEPLOYMENT_TARGET = 11.4;
				MTL_ENABLE_DEBUG_INFO = NO;
				SDKROOT = iphoneos;
				SWIFT_COMPILATION_MODE = wholemodule;
				SWIFT_OPTIMIZATION_LEVEL = "-O";
				VALIDATE_PRODUCT = YES;
			};
			name = Release;
		};
		2B48F519213800CA00EC9608 /* Debug */ = {
			isa = XCBuildConfiguration;
			baseConfigurationReference = 1FC8B775121926C78DC44AB8 /* Pods-ImageRealmSample.debug.xcconfig */;
			buildSettings = {
				ASSETCATALOG_COMPILER_APPICON_NAME = AppIcon;
				CLANG_ENABLE_MODULES = YES;
				CODE_SIGN_STYLE = Automatic;
				DEVELOPMENT_TEAM = 56787CM63P;
				INFOPLIST_FILE = ImageRealmSample/ReSources/Info.plist;
				IPHONEOS_DEPLOYMENT_TARGET = 11.3;
				LD_RUNPATH_SEARCH_PATHS = (
					"$(inherited)",
					"@executable_path/Frameworks",
				);
				PRODUCT_BUNDLE_IDENTIFIER = zhogehoge.ImageRealmSample;
				PRODUCT_NAME = "$(TARGET_NAME)";
				SWIFT_OPTIMIZATION_LEVEL = "-Onone";
				SWIFT_VERSION = 4.0;
				TARGETED_DEVICE_FAMILY = "1,2";
			};
			name = Debug;
		};
		2B48F51A213800CA00EC9608 /* Release */ = {
			isa = XCBuildConfiguration;
			baseConfigurationReference = C9F54556DCCA3996B6238D44 /* Pods-ImageRealmSample.release.xcconfig */;
			buildSettings = {
				ASSETCATALOG_COMPILER_APPICON_NAME = AppIcon;
				CLANG_ENABLE_MODULES = YES;
				CODE_SIGN_STYLE = Automatic;
				DEVELOPMENT_TEAM = 56787CM63P;
				INFOPLIST_FILE = ImageRealmSample/ReSources/Info.plist;
				IPHONEOS_DEPLOYMENT_TARGET = 11.3;
				LD_RUNPATH_SEARCH_PATHS = (
					"$(inherited)",
					"@executable_path/Frameworks",
				);
				PRODUCT_BUNDLE_IDENTIFIER = zhogehoge.ImageRealmSample;
				PRODUCT_NAME = "$(TARGET_NAME)";
				SWIFT_VERSION = 4.0;
				TARGETED_DEVICE_FAMILY = "1,2";
			};
			name = Release;
		};
		2B48F51C213800CA00EC9608 /* Debug */ = {
			isa = XCBuildConfiguration;
			baseConfigurationReference = F5B577F63EB54A90D84F9EE4 /* Pods-ImageRealmSampleTests.debug.xcconfig */;
			buildSettings = {
				ALWAYS_EMBED_SWIFT_STANDARD_LIBRARIES = YES;
				BUNDLE_LOADER = "$(TEST_HOST)";
				CODE_SIGN_STYLE = Automatic;
				DEVELOPMENT_TEAM = 4KNH59P48U;
				INFOPLIST_FILE = ImageRealmSampleTests/Info.plist;
				LD_RUNPATH_SEARCH_PATHS = (
					"$(inherited)",
					"@executable_path/Frameworks",
					"@loader_path/Frameworks",
				);
				PRODUCT_BUNDLE_IDENTIFIER = zhogehoge.ImageRealmSampleTests;
				PRODUCT_NAME = "$(TARGET_NAME)";
				SWIFT_VERSION = 4.0;
				TARGETED_DEVICE_FAMILY = "1,2";
				TEST_HOST = "$(BUILT_PRODUCTS_DIR)/ImageRealmSample.app/ImageRealmSample";
			};
			name = Debug;
		};
		2B48F51D213800CA00EC9608 /* Release */ = {
			isa = XCBuildConfiguration;
			baseConfigurationReference = 15F5C42EFF87EF7EB050733F /* Pods-ImageRealmSampleTests.release.xcconfig */;
			buildSettings = {
				ALWAYS_EMBED_SWIFT_STANDARD_LIBRARIES = YES;
				BUNDLE_LOADER = "$(TEST_HOST)";
				CODE_SIGN_STYLE = Automatic;
				DEVELOPMENT_TEAM = 4KNH59P48U;
				INFOPLIST_FILE = ImageRealmSampleTests/Info.plist;
				LD_RUNPATH_SEARCH_PATHS = (
					"$(inherited)",
					"@executable_path/Frameworks",
					"@loader_path/Frameworks",
				);
				PRODUCT_BUNDLE_IDENTIFIER = zhogehoge.ImageRealmSampleTests;
				PRODUCT_NAME = "$(TARGET_NAME)";
				SWIFT_VERSION = 4.0;
				TARGETED_DEVICE_FAMILY = "1,2";
				TEST_HOST = "$(BUILT_PRODUCTS_DIR)/ImageRealmSample.app/ImageRealmSample";
			};
			name = Release;
		};
		2B48F51F213800CA00EC9608 /* Debug */ = {
			isa = XCBuildConfiguration;
			baseConfigurationReference = 788A0935F4C60EF151F375AC /* Pods-ImageRealmSampleUITests.debug.xcconfig */;
			buildSettings = {
				ALWAYS_EMBED_SWIFT_STANDARD_LIBRARIES = YES;
				CODE_SIGN_STYLE = Automatic;
				DEVELOPMENT_TEAM = 4KNH59P48U;
				INFOPLIST_FILE = ImageRealmSampleUITests/Info.plist;
				LD_RUNPATH_SEARCH_PATHS = (
					"$(inherited)",
					"@executable_path/Frameworks",
					"@loader_path/Frameworks",
				);
				PRODUCT_BUNDLE_IDENTIFIER = zhogehoge.ImageRealmSampleUITests;
				PRODUCT_NAME = "$(TARGET_NAME)";
				SWIFT_VERSION = 4.0;
				TARGETED_DEVICE_FAMILY = "1,2";
				TEST_TARGET_NAME = ImageRealmSample;
			};
			name = Debug;
		};
		2B48F520213800CA00EC9608 /* Release */ = {
			isa = XCBuildConfiguration;
			baseConfigurationReference = C62D884F4D9B79E62EBE00D2 /* Pods-ImageRealmSampleUITests.release.xcconfig */;
			buildSettings = {
				ALWAYS_EMBED_SWIFT_STANDARD_LIBRARIES = YES;
				CODE_SIGN_STYLE = Automatic;
				DEVELOPMENT_TEAM = 4KNH59P48U;
				INFOPLIST_FILE = ImageRealmSampleUITests/Info.plist;
				LD_RUNPATH_SEARCH_PATHS = (
					"$(inherited)",
					"@executable_path/Frameworks",
					"@loader_path/Frameworks",
				);
				PRODUCT_BUNDLE_IDENTIFIER = zhogehoge.ImageRealmSampleUITests;
				PRODUCT_NAME = "$(TARGET_NAME)";
				SWIFT_VERSION = 4.0;
				TARGETED_DEVICE_FAMILY = "1,2";
				TEST_TARGET_NAME = ImageRealmSample;
			};
			name = Release;
		};
/* End XCBuildConfiguration section */

/* Begin XCConfigurationList section */
		2B48F4EB213800C800EC9608 /* Build configuration list for PBXProject "ImageRealmSample" */ = {
			isa = XCConfigurationList;
			buildConfigurations = (
				2B48F516213800CA00EC9608 /* Debug */,
				2B48F517213800CA00EC9608 /* Release */,
			);
			defaultConfigurationIsVisible = 0;
			defaultConfigurationName = Release;
		};
		2B48F518213800CA00EC9608 /* Build configuration list for PBXNativeTarget "ImageRealmSample" */ = {
			isa = XCConfigurationList;
			buildConfigurations = (
				2B48F519213800CA00EC9608 /* Debug */,
				2B48F51A213800CA00EC9608 /* Release */,
			);
			defaultConfigurationIsVisible = 0;
			defaultConfigurationName = Release;
		};
		2B48F51B213800CA00EC9608 /* Build configuration list for PBXNativeTarget "ImageRealmSampleTests" */ = {
			isa = XCConfigurationList;
			buildConfigurations = (
				2B48F51C213800CA00EC9608 /* Debug */,
				2B48F51D213800CA00EC9608 /* Release */,
			);
			defaultConfigurationIsVisible = 0;
			defaultConfigurationName = Release;
		};
		2B48F51E213800CA00EC9608 /* Build configuration list for PBXNativeTarget "ImageRealmSampleUITests" */ = {
			isa = XCConfigurationList;
			buildConfigurations = (
				2B48F51F213800CA00EC9608 /* Debug */,
				2B48F520213800CA00EC9608 /* Release */,
			);
			defaultConfigurationIsVisible = 0;
			defaultConfigurationName = Release;
		};
/* End XCConfigurationList section */
	};
	rootObject = 2B48F4E8213800C800EC9608 /* Project object */;
}
